
Microsoft Visual Studio Solution File, Format Version 12.00
# Visual Studio Version 17
VisualStudioVersion = 17.14.36212.18
MinimumVisualStudioVersion = 10.0.40219.1
Project("{2150E333-8FDC-42A3-9474-1A3956D46DE8}") = "Services", "Services", "{02EA681E-C7D8-13C7-8484-4AC65E1B71E8}"
EndProject
Project("{2150E333-8FDC-42A3-9474-1A3956D46DE8}") = "Catalog", "Catalog", "{A821ADA1-0AD4-46FA-90A4-7A7F9FBCE8F7}"
EndProject
Project("{FAE04EC0-301F-11D3-BF4B-00C04F79EFBC}") = "MultiShop.Catalog", "Services\Catalog\MultiShop.Catalog\MultiShop.Catalog.csproj", "{66D10EA8-E9DE-4927-82CC-FC616D1CF34D}"
EndProject
Project("{2150E333-8FDC-42A3-9474-1A3956D46DE8}") = "Discount", "Discount", "{02804C1E-24FB-4930-B793-40B77F192F2B}"
EndProject
Project("{FAE04EC0-301F-11D3-BF4B-00C04F79EFBC}") = "MultiShop.Discount", "Services\Discount\MultiShop.Discount\MultiShop.Discount.csproj", "{63D9781F-68B3-49D2-A98D-9FBCE528C336}"
EndProject
Project("{2150E333-8FDC-42A3-9474-1A3956D46DE8}") = "Order", "Order", "{73E158C6-554A-4E70-B570-58D994F90B9D}"
EndProject
Project("{2150E333-8FDC-42A3-9474-1A3956D46DE8}") = "Core", "Core", "{ACDF267F-54B3-4299-B777-E322233792A8}"
EndProject
Project("{2150E333-8FDC-42A3-9474-1A3956D46DE8}") = "Infrastructure", "Infrastructure", "{48791CFD-4838-4F98-95EF-4225AE74A2D5}"
EndProject
Project("{2150E333-8FDC-42A3-9474-1A3956D46DE8}") = "Presentation", "Presentation", "{64A61A8A-7656-4A3F-9CF8-4F46280EA367}"
EndProject
Project("{FAE04EC0-301F-11D3-BF4B-00C04F79EFBC}") = "MultiShop.Order.Domain", "Services\Order\Core\MultiShop.Order.Domain\MultiShop.Order.Domain.csproj", "{13617F50-5440-44BC-A736-AE86907D3899}"
EndProject
Project("{FAE04EC0-301F-11D3-BF4B-00C04F79EFBC}") = "MultiShop.Order.Application", "Services\Order\Core\MultiShop.Order.Application\MultiShop.Order.Application.csproj", "{34598C40-5D3E-4737-AB32-77B6F3171563}"
EndProject
Project("{FAE04EC0-301F-11D3-BF4B-00C04F79EFBC}") = "MultiShop.Order.Persistence", "Services\Order\Infrastructure\MultiShop.Order.Persistence\MultiShop.Order.Persistence.csproj", "{A010073D-8A76-49EC-94CF-F7E02863CE4B}"
EndProject
Project("{FAE04EC0-301F-11D3-BF4B-00C04F79EFBC}") = "MultiShop.Order.WebApi", "Services\Order\Presentation\MultiShop.Order.WebApi\MultiShop.Order.WebApi.csproj", "{4D0216F8-F4F4-45E9-9435-D9B775658F06}"
EndProject
Project("{2150E333-8FDC-42A3-9474-1A3956D46DE8}") = "IdentityServer", "IdentityServer", "{70BE97B0-489C-4988-A38C-1396DD134180}"
EndProject
Project("{FAE04EC0-301F-11D3-BF4B-00C04F79EFBC}") = "IdentityServer", "IdentityServer\IdentityServer.csproj", "{AF5BEFDA-28AE-7603-040D-593562AC6BD5}"
EndProject
Project("{2150E333-8FDC-42A3-9474-1A3956D46DE8}") = "Requirements", "Requirements", "{6849AD28-5112-423F-A919-C0BAB2728F67}"
	ProjectSection(SolutionItems) = preProject
		PortNumbers.txt = PortNumbers.txt
	EndProjectSection
EndProject
Project("{2150E333-8FDC-42A3-9474-1A3956D46DE8}") = "Cargo", "Cargo", "{CD2864F4-5608-4759-B741-8DEB6D9ADA77}"
EndProject
Project("{FAE04EC0-301F-11D3-BF4B-00C04F79EFBC}") = "MultiShop.Cargo.EntityLayer", "Services\Cargo\MultiShop.Cargo.EntityLayer\MultiShop.Cargo.EntityLayer.csproj", "{9B3A4100-BEBB-4B79-8CA5-B3B59F23B21E}"
EndProject
Project("{FAE04EC0-301F-11D3-BF4B-00C04F79EFBC}") = "MultiShop.Cargo.BusinessLayer", "Services\Cargo\MultiShop.Cargo.BusinessLayer\MultiShop.Cargo.BusinessLayer.csproj", "{D4CB5F62-93B9-4601-9DC1-E644DC163D67}"
EndProject
Project("{FAE04EC0-301F-11D3-BF4B-00C04F79EFBC}") = "MultiShop.Cargo.DataAccessLayer", "Services\Cargo\MultiShop.Cargo.DataAccessLayer\MultiShop.Cargo.DataAccessLayer.csproj", "{00C2A37F-D1A6-4784-AC53-9CC4B146B90F}"
EndProject
Project("{FAE04EC0-301F-11D3-BF4B-00C04F79EFBC}") = "MultiShop.Cargo.DtoLayer", "Services\Cargo\MultiShop.Cargo.DtoLayer\MultiShop.Cargo.DtoLayer.csproj", "{5CBFEEDF-D47D-4E8D-8E43-7102A30561D9}"
EndProject
Project("{FAE04EC0-301F-11D3-BF4B-00C04F79EFBC}") = "MultiShop.Cargo.WebApi", "Services\Cargo\MultiShop.Cargo.WebApi\MultiShop.Cargo.WebApi.csproj", "{998231DE-558D-4973-9203-00A0F2987D62}"
EndProject
Project("{2150E333-8FDC-42A3-9474-1A3956D46DE8}") = "Basket", "Basket", "{6F30D653-1388-4F40-B07A-EF79E2C00367}"
EndProject
Project("{FAE04EC0-301F-11D3-BF4B-00C04F79EFBC}") = "Multishop.Basket", "Services\Basket\Multishop.Basket\Multishop.Basket.csproj", "{FA351FF6-726F-43DE-BAA5-523011054156}"
EndProject
Project("{2150E333-8FDC-42A3-9474-1A3956D46DE8}") = "Frontends", "Frontends", "{291C752B-34BA-42EF-AAAB-69B31BB508D6}"
EndProject
Project("{FAE04EC0-301F-11D3-BF4B-00C04F79EFBC}") = "MultiShop.WebUI", "Frontends\MultiShop.WebUI\MultiShop.WebUI.csproj", "{D80E6784-E48A-4D99-91C7-137BE946AA4B}"
EndProject
Project("{FAE04EC0-301F-11D3-BF4B-00C04F79EFBC}") = "MultiShop.DtoLayer", "Frontends\MultiShop.DtoLayer\MultiShop.DtoLayer.csproj", "{6EA8E25A-1AB3-47CB-ABB0-E2CFA0E9099F}"
EndProject
Global
	GlobalSection(SolutionConfigurationPlatforms) = preSolution
		Debug|Any CPU = Debug|Any CPU
		Release|Any CPU = Release|Any CPU
	EndGlobalSection
	GlobalSection(ProjectConfigurationPlatforms) = postSolution
		{66D10EA8-E9DE-4927-82CC-FC616D1CF34D}.Debug|Any CPU.ActiveCfg = Debug|Any CPU
		{66D10EA8-E9DE-4927-82CC-FC616D1CF34D}.Debug|Any CPU.Build.0 = Debug|Any CPU
		{66D10EA8-E9DE-4927-82CC-FC616D1CF34D}.Release|Any CPU.ActiveCfg = Release|Any CPU
		{66D10EA8-E9DE-4927-82CC-FC616D1CF34D}.Release|Any CPU.Build.0 = Release|Any CPU
		{63D9781F-68B3-49D2-A98D-9FBCE528C336}.Debug|Any CPU.ActiveCfg = Debug|Any CPU
		{63D9781F-68B3-49D2-A98D-9FBCE528C336}.Debug|Any CPU.Build.0 = Debug|Any CPU
		{63D9781F-68B3-49D2-A98D-9FBCE528C336}.Release|Any CPU.ActiveCfg = Release|Any CPU
		{63D9781F-68B3-49D2-A98D-9FBCE528C336}.Release|Any CPU.Build.0 = Release|Any CPU
		{13617F50-5440-44BC-A736-AE86907D3899}.Debug|Any CPU.ActiveCfg = Debug|Any CPU
		{13617F50-5440-44BC-A736-AE86907D3899}.Debug|Any CPU.Build.0 = Debug|Any CPU
		{13617F50-5440-44BC-A736-AE86907D3899}.Release|Any CPU.ActiveCfg = Release|Any CPU
		{13617F50-5440-44BC-A736-AE86907D3899}.Release|Any CPU.Build.0 = Release|Any CPU
		{34598C40-5D3E-4737-AB32-77B6F3171563}.Debug|Any CPU.ActiveCfg = Debug|Any CPU
		{34598C40-5D3E-4737-AB32-77B6F3171563}.Debug|Any CPU.Build.0 = Debug|Any CPU
		{34598C40-5D3E-4737-AB32-77B6F3171563}.Release|Any CPU.ActiveCfg = Release|Any CPU
		{34598C40-5D3E-4737-AB32-77B6F3171563}.Release|Any CPU.Build.0 = Release|Any CPU
		{A010073D-8A76-49EC-94CF-F7E02863CE4B}.Debug|Any CPU.ActiveCfg = Debug|Any CPU
		{A010073D-8A76-49EC-94CF-F7E02863CE4B}.Debug|Any CPU.Build.0 = Debug|Any CPU
		{A010073D-8A76-49EC-94CF-F7E02863CE4B}.Release|Any CPU.ActiveCfg = Release|Any CPU
		{A010073D-8A76-49EC-94CF-F7E02863CE4B}.Release|Any CPU.Build.0 = Release|Any CPU
		{4D0216F8-F4F4-45E9-9435-D9B775658F06}.Debug|Any CPU.ActiveCfg = Debug|Any CPU
		{4D0216F8-F4F4-45E9-9435-D9B775658F06}.Debug|Any CPU.Build.0 = Debug|Any CPU
		{4D0216F8-F4F4-45E9-9435-D9B775658F06}.Release|Any CPU.ActiveCfg = Release|Any CPU
		{4D0216F8-F4F4-45E9-9435-D9B775658F06}.Release|Any CPU.Build.0 = Release|Any CPU
		{AF5BEFDA-28AE-7603-040D-593562AC6BD5}.Debug|Any CPU.ActiveCfg = Debug|Any CPU
		{AF5BEFDA-28AE-7603-040D-593562AC6BD5}.Debug|Any CPU.Build.0 = Debug|Any CPU
		{AF5BEFDA-28AE-7603-040D-593562AC6BD5}.Release|Any CPU.ActiveCfg = Release|Any CPU
		{AF5BEFDA-28AE-7603-040D-593562AC6BD5}.Release|Any CPU.Build.0 = Release|Any CPU
		{9B3A4100-BEBB-4B79-8CA5-B3B59F23B21E}.Debug|Any CPU.ActiveCfg = Debug|Any CPU
		{9B3A4100-BEBB-4B79-8CA5-B3B59F23B21E}.Debug|Any CPU.Build.0 = Debug|Any CPU
		{9B3A4100-BEBB-4B79-8CA5-B3B59F23B21E}.Release|Any CPU.ActiveCfg = Release|Any CPU
		{9B3A4100-BEBB-4B79-8CA5-B3B59F23B21E}.Release|Any CPU.Build.0 = Release|Any CPU
		{D4CB5F62-93B9-4601-9DC1-E644DC163D67}.Debug|Any CPU.ActiveCfg = Debug|Any CPU
		{D4CB5F62-93B9-4601-9DC1-E644DC163D67}.Debug|Any CPU.Build.0 = Debug|Any CPU
		{D4CB5F62-93B9-4601-9DC1-E644DC163D67}.Release|Any CPU.ActiveCfg = Release|Any CPU
		{D4CB5F62-93B9-4601-9DC1-E644DC163D67}.Release|Any CPU.Build.0 = Release|Any CPU
		{00C2A37F-D1A6-4784-AC53-9CC4B146B90F}.Debug|Any CPU.ActiveCfg = Debug|Any CPU
		{00C2A37F-D1A6-4784-AC53-9CC4B146B90F}.Debug|Any CPU.Build.0 = Debug|Any CPU
		{00C2A37F-D1A6-4784-AC53-9CC4B146B90F}.Release|Any CPU.ActiveCfg = Release|Any CPU
		{00C2A37F-D1A6-4784-AC53-9CC4B146B90F}.Release|Any CPU.Build.0 = Release|Any CPU
		{5CBFEEDF-D47D-4E8D-8E43-7102A30561D9}.Debug|Any CPU.ActiveCfg = Debug|Any CPU
		{5CBFEEDF-D47D-4E8D-8E43-7102A30561D9}.Debug|Any CPU.Build.0 = Debug|Any CPU
		{5CBFEEDF-D47D-4E8D-8E43-7102A30561D9}.Release|Any CPU.ActiveCfg = Release|Any CPU
		{5CBFEEDF-D47D-4E8D-8E43-7102A30561D9}.Release|Any CPU.Build.0 = Release|Any CPU
		{998231DE-558D-4973-9203-00A0F2987D62}.Debug|Any CPU.ActiveCfg = Debug|Any CPU
		{998231DE-558D-4973-9203-00A0F2987D62}.Debug|Any CPU.Build.0 = Debug|Any CPU
		{998231DE-558D-4973-9203-00A0F2987D62}.Release|Any CPU.ActiveCfg = Release|Any CPU
		{998231DE-558D-4973-9203-00A0F2987D62}.Release|Any CPU.Build.0 = Release|Any CPU
		{FA351FF6-726F-43DE-BAA5-523011054156}.Debug|Any CPU.ActiveCfg = Debug|Any CPU
		{FA351FF6-726F-43DE-BAA5-523011054156}.Debug|Any CPU.Build.0 = Debug|Any CPU
		{FA351FF6-726F-43DE-BAA5-523011054156}.Release|Any CPU.ActiveCfg = Release|Any CPU
		{FA351FF6-726F-43DE-BAA5-523011054156}.Release|Any CPU.Build.0 = Release|Any CPU
		{D80E6784-E48A-4D99-91C7-137BE946AA4B}.Debug|Any CPU.ActiveCfg = Debug|Any CPU
		{D80E6784-E48A-4D99-91C7-137BE946AA4B}.Debug|Any CPU.Build.0 = Debug|Any CPU
		{D80E6784-E48A-4D99-91C7-137BE946AA4B}.Release|Any CPU.ActiveCfg = Release|Any CPU
		{D80E6784-E48A-4D99-91C7-137BE946AA4B}.Release|Any CPU.Build.0 = Release|Any CPU
		{6EA8E25A-1AB3-47CB-ABB0-E2CFA0E9099F}.Debug|Any CPU.ActiveCfg = Debug|Any CPU
		{6EA8E25A-1AB3-47CB-ABB0-E2CFA0E9099F}.Debug|Any CPU.Build.0 = Debug|Any CPU
		{6EA8E25A-1AB3-47CB-ABB0-E2CFA0E9099F}.Release|Any CPU.ActiveCfg = Release|Any CPU
		{6EA8E25A-1AB3-47CB-ABB0-E2CFA0E9099F}.Release|Any CPU.Build.0 = Release|Any CPU
	EndGlobalSection
	GlobalSection(SolutionProperties) = preSolution
		HideSolutionNode = FALSE
	EndGlobalSection
	GlobalSection(NestedProjects) = preSolution
		{A821ADA1-0AD4-46FA-90A4-7A7F9FBCE8F7} = {02EA681E-C7D8-13C7-8484-4AC65E1B71E8}
		{66D10EA8-E9DE-4927-82CC-FC616D1CF34D} = {A821ADA1-0AD4-46FA-90A4-7A7F9FBCE8F7}
		{02804C1E-24FB-4930-B793-40B77F192F2B} = {02EA681E-C7D8-13C7-8484-4AC65E1B71E8}
		{63D9781F-68B3-49D2-A98D-9FBCE528C336} = {02804C1E-24FB-4930-B793-40B77F192F2B}
		{73E158C6-554A-4E70-B570-58D994F90B9D} = {02EA681E-C7D8-13C7-8484-4AC65E1B71E8}
		{ACDF267F-54B3-4299-B777-E322233792A8} = {73E158C6-554A-4E70-B570-58D994F90B9D}
		{48791CFD-4838-4F98-95EF-4225AE74A2D5} = {73E158C6-554A-4E70-B570-58D994F90B9D}
		{64A61A8A-7656-4A3F-9CF8-4F46280EA367} = {73E158C6-554A-4E70-B570-58D994F90B9D}
		{13617F50-5440-44BC-A736-AE86907D3899} = {ACDF267F-54B3-4299-B777-E322233792A8}
		{34598C40-5D3E-4737-AB32-77B6F3171563} = {ACDF267F-54B3-4299-B777-E322233792A8}
		{A010073D-8A76-49EC-94CF-F7E02863CE4B} = {48791CFD-4838-4F98-95EF-4225AE74A2D5}
		{4D0216F8-F4F4-45E9-9435-D9B775658F06} = {64A61A8A-7656-4A3F-9CF8-4F46280EA367}
		{AF5BEFDA-28AE-7603-040D-593562AC6BD5} = {70BE97B0-489C-4988-A38C-1396DD134180}
		{CD2864F4-5608-4759-B741-8DEB6D9ADA77} = {02EA681E-C7D8-13C7-8484-4AC65E1B71E8}
		{9B3A4100-BEBB-4B79-8CA5-B3B59F23B21E} = {CD2864F4-5608-4759-B741-8DEB6D9ADA77}
		{D4CB5F62-93B9-4601-9DC1-E644DC163D67} = {CD2864F4-5608-4759-B741-8DEB6D9ADA77}
		{00C2A37F-D1A6-4784-AC53-9CC4B146B90F} = {CD2864F4-5608-4759-B741-8DEB6D9ADA77}
		{5CBFEEDF-D47D-4E8D-8E43-7102A30561D9} = {CD2864F4-5608-4759-B741-8DEB6D9ADA77}
		{998231DE-558D-4973-9203-00A0F2987D62} = {CD2864F4-5608-4759-B741-8DEB6D9ADA77}
		{6F30D653-1388-4F40-B07A-EF79E2C00367} = {02EA681E-C7D8-13C7-8484-4AC65E1B71E8}
		{FA351FF6-726F-43DE-BAA5-523011054156} = {6F30D653-1388-4F40-B07A-EF79E2C00367}
		{D80E6784-E48A-4D99-91C7-137BE946AA4B} = {291C752B-34BA-42EF-AAAB-69B31BB508D6}
		{6EA8E25A-1AB3-47CB-ABB0-E2CFA0E9099F} = {291C752B-34BA-42EF-AAAB-69B31BB508D6}
	EndGlobalSection
	GlobalSection(ExtensibilityGlobals) = postSolution
		SolutionGuid = {E2D3031E-C8AB-4E31-BBFE-5F9CE3E14CB6}
	EndGlobalSection
EndGlobal
